
Microsoft Visual Studio Solution File, Format Version 12.00
# Visual Studio 15
VisualStudioVersion = 15.0.27130.2027
MinimumVisualStudioVersion = 10.0.40219.1
Project("{9A19103F-16F7-4668-BE54-9A1E7A4F7556}") = "Iterators", "Iterators\Iterators.csproj", "{8060B249-EF0A-407D-B796-2251A49A05F6}"
EndProject
Project("{9A19103F-16F7-4668-BE54-9A1E7A4F7556}") = "ComparingObject", "ComparingObject\ComparingObject.csproj", "{0AD0FCE6-9AD9-46CB-84AD-8883CC507429}"
EndProject
Project("{9A19103F-16F7-4668-BE54-9A1E7A4F7556}") = "StrategyPattern", "StrategyPattern\StrategyPattern.csproj", "{79FBC712-793D-4516-95C9-35DD6CFB3CF7}"
EndProject
Project("{9A19103F-16F7-4668-BE54-9A1E7A4F7556}") = "EqualityLogic", "EqualityLogic\EqualityLogic.csproj", "{D4389FF3-9D11-4249-9437-12B516926C6A}"
EndProject
Project("{9A19103F-16F7-4668-BE54-9A1E7A4F7556}") = "PetClinic", "PetClinic\PetClinic.csproj", "{A463A7EF-F882-43EE-8BFE-F3D0362A9C91}"
EndProject
Project("{FAE04EC0-301F-11D3-BF4B-00C04F79EFBC}") = "LinkedListTraversal", "LinkedListTraversal\LinkedListTraversal.csproj", "{B0AD1A53-DBFA-4DE0-94E2-7FE10805A0B2}"
EndProject
Global
	GlobalSection(SolutionConfigurationPlatforms) = preSolution
		Debug|Any CPU = Debug|Any CPU
		Release|Any CPU = Release|Any CPU
	EndGlobalSection
	GlobalSection(ProjectConfigurationPlatforms) = postSolution
		{8060B249-EF0A-407D-B796-2251A49A05F6}.Debug|Any CPU.ActiveCfg = Debug|Any CPU
		{8060B249-EF0A-407D-B796-2251A49A05F6}.Debug|Any CPU.Build.0 = Debug|Any CPU
		{8060B249-EF0A-407D-B796-2251A49A05F6}.Release|Any CPU.ActiveCfg = Release|Any CPU
		{8060B249-EF0A-407D-B796-2251A49A05F6}.Release|Any CPU.Build.0 = Release|Any CPU
		{0AD0FCE6-9AD9-46CB-84AD-8883CC507429}.Debug|Any CPU.ActiveCfg = Debug|Any CPU
		{0AD0FCE6-9AD9-46CB-84AD-8883CC507429}.Debug|Any CPU.Build.0 = Debug|Any CPU
		{0AD0FCE6-9AD9-46CB-84AD-8883CC507429}.Release|Any CPU.ActiveCfg = Release|Any CPU
		{0AD0FCE6-9AD9-46CB-84AD-8883CC507429}.Release|Any CPU.Build.0 = Release|Any CPU
		{79FBC712-793D-4516-95C9-35DD6CFB3CF7}.Debug|Any CPU.ActiveCfg = Debug|Any CPU
		{79FBC712-793D-4516-95C9-35DD6CFB3CF7}.Debug|Any CPU.Build.0 = Debug|Any CPU
		{79FBC712-793D-4516-95C9-35DD6CFB3CF7}.Release|Any CPU.ActiveCfg = Release|Any CPU
		{79FBC712-793D-4516-95C9-35DD6CFB3CF7}.Release|Any CPU.Build.0 = Release|Any CPU
		{D4389FF3-9D11-4249-9437-12B516926C6A}.Debug|Any CPU.ActiveCfg = Debug|Any CPU
		{D4389FF3-9D11-4249-9437-12B516926C6A}.Debug|Any CPU.Build.0 = Debug|Any CPU
		{D4389FF3-9D11-4249-9437-12B516926C6A}.Release|Any CPU.ActiveCfg = Release|Any CPU
		{D4389FF3-9D11-4249-9437-12B516926C6A}.Release|Any CPU.Build.0 = Release|Any CPU
		{A463A7EF-F882-43EE-8BFE-F3D0362A9C91}.Debug|Any CPU.ActiveCfg = Debug|Any CPU
		{A463A7EF-F882-43EE-8BFE-F3D0362A9C91}.Debug|Any CPU.Build.0 = Debug|Any CPU
		{A463A7EF-F882-43EE-8BFE-F3D0362A9C91}.Release|Any CPU.ActiveCfg = Release|Any CPU
		{A463A7EF-F882-43EE-8BFE-F3D0362A9C91}.Release|Any CPU.Build.0 = Release|Any CPU
		{B0AD1A53-DBFA-4DE0-94E2-7FE10805A0B2}.Debug|Any CPU.ActiveCfg = Debug|Any CPU
		{B0AD1A53-DBFA-4DE0-94E2-7FE10805A0B2}.Debug|Any CPU.Build.0 = Debug|Any CPU
		{B0AD1A53-DBFA-4DE0-94E2-7FE10805A0B2}.Release|Any CPU.ActiveCfg = Release|Any CPU
		{B0AD1A53-DBFA-4DE0-94E2-7FE10805A0B2}.Release|Any CPU.Build.0 = Release|Any CPU
	EndGlobalSection
	GlobalSection(SolutionProperties) = preSolution
		HideSolutionNode = FALSE
	EndGlobalSection
	GlobalSection(ExtensibilityGlobals) = postSolution
		SolutionGuid = {3C8912FA-E868-4D41-BF02-9E659D6A3D30}
	EndGlobalSection
EndGlobal
