
Microsoft Visual Studio Solution File, Format Version 12.00
# Visual Studio 15
VisualStudioVersion = 15.0.27130.2027
MinimumVisualStudioVersion = 10.0.40219.1
Project("{FAE04EC0-301F-11D3-BF4B-00C04F79EFBC}") = "Generics-Lab", "Generics-Lab\Generics-Lab.csproj", "{262158EF-D992-45B7-8400-A19B85AFB745}"
EndProject
Global
	GlobalSection(SolutionConfigurationPlatforms) = preSolution
		Debug|Any CPU = Debug|Any CPU
		Release|Any CPU = Release|Any CPU
	EndGlobalSection
	GlobalSection(ProjectConfigurationPlatforms) = postSolution
		{262158EF-D992-45B7-8400-A19B85AFB745}.Debug|Any CPU.ActiveCfg = Debug|Any CPU
		{262158EF-D992-45B7-8400-A19B85AFB745}.Debug|Any CPU.Build.0 = Debug|Any CPU
		{262158EF-D992-45B7-8400-A19B85AFB745}.Release|Any CPU.ActiveCfg = Release|Any CPU
		{262158EF-D992-45B7-8400-A19B85AFB745}.Release|Any CPU.Build.0 = Release|Any CPU
	EndGlobalSection
	GlobalSection(SolutionProperties) = preSolution
		HideSolutionNode = FALSE
	EndGlobalSection
	GlobalSection(ExtensibilityGlobals) = postSolution
		SolutionGuid = {B0CC5CA1-F677-45D0-AF22-119AB99D14D0}
	EndGlobalSection
EndGlobal
