
Microsoft Visual Studio Solution File, Format Version 12.00
# Visual Studio 15
VisualStudioVersion = 15.0.27428.2015
MinimumVisualStudioVersion = 10.0.40219.1
Project("{FAE04EC0-301F-11D3-BF4B-00C04F79EFBC}") = "UnitTesting", "UnitTesting\UnitTesting.csproj", "{A616451D-3172-4308-A882-EEADFE156207}"
EndProject
Project("{FAE04EC0-301F-11D3-BF4B-00C04F79EFBC}") = "UnitTesting.Test", "UnitTesting.Test\UnitTesting.Test.csproj", "{06D15B9B-9101-4453-ACBB-F47781E83EEB}"
EndProject
Global
	GlobalSection(SolutionConfigurationPlatforms) = preSolution
		Debug|Any CPU = Debug|Any CPU
		Release|Any CPU = Release|Any CPU
	EndGlobalSection
	GlobalSection(ProjectConfigurationPlatforms) = postSolution
		{A616451D-3172-4308-A882-EEADFE156207}.Debug|Any CPU.ActiveCfg = Debug|Any CPU
		{A616451D-3172-4308-A882-EEADFE156207}.Debug|Any CPU.Build.0 = Debug|Any CPU
		{A616451D-3172-4308-A882-EEADFE156207}.Release|Any CPU.ActiveCfg = Release|Any CPU
		{A616451D-3172-4308-A882-EEADFE156207}.Release|Any CPU.Build.0 = Release|Any CPU
		{06D15B9B-9101-4453-ACBB-F47781E83EEB}.Debug|Any CPU.ActiveCfg = Debug|Any CPU
		{06D15B9B-9101-4453-ACBB-F47781E83EEB}.Debug|Any CPU.Build.0 = Debug|Any CPU
		{06D15B9B-9101-4453-ACBB-F47781E83EEB}.Release|Any CPU.ActiveCfg = Release|Any CPU
		{06D15B9B-9101-4453-ACBB-F47781E83EEB}.Release|Any CPU.Build.0 = Release|Any CPU
	EndGlobalSection
	GlobalSection(SolutionProperties) = preSolution
		HideSolutionNode = FALSE
	EndGlobalSection
	GlobalSection(ExtensibilityGlobals) = postSolution
		SolutionGuid = {7E58BD61-69DF-4605-8133-3FAF045F24E2}
	EndGlobalSection
EndGlobal
