
Microsoft Visual Studio Solution File, Format Version 12.00
# Visual Studio 15
VisualStudioVersion = 15.0.27428.2015
MinimumVisualStudioVersion = 10.0.40219.1
Project("{9A19103F-16F7-4668-BE54-9A1E7A4F7556}") = "P02_BlackBoxInteger", "P02_BlackBoxInteger.csproj", "{007AE60F-B10B-4633-80F2-A11D78642DFE}"
EndProject
Global
	GlobalSection(SolutionConfigurationPlatforms) = preSolution
		Debug|Any CPU = Debug|Any CPU
		Release|Any CPU = Release|Any CPU
	EndGlobalSection
	GlobalSection(ProjectConfigurationPlatforms) = postSolution
		{007AE60F-B10B-4633-80F2-A11D78642DFE}.Debug|Any CPU.ActiveCfg = Debug|Any CPU
		{007AE60F-B10B-4633-80F2-A11D78642DFE}.Debug|Any CPU.Build.0 = Debug|Any CPU
		{007AE60F-B10B-4633-80F2-A11D78642DFE}.Release|Any CPU.ActiveCfg = Release|Any CPU
		{007AE60F-B10B-4633-80F2-A11D78642DFE}.Release|Any CPU.Build.0 = Release|Any CPU
	EndGlobalSection
	GlobalSection(SolutionProperties) = preSolution
		HideSolutionNode = FALSE
	EndGlobalSection
	GlobalSection(ExtensibilityGlobals) = postSolution
		SolutionGuid = {5EB61A20-F44F-4A19-AC9F-B6EE3CDDBE67}
	EndGlobalSection
EndGlobal
