
Microsoft Visual Studio Solution File, Format Version 12.00
# Visual Studio 15
VisualStudioVersion = 15.0.27428.2037
MinimumVisualStudioVersion = 10.0.40219.1
Project("{FAE04EC0-301F-11D3-BF4B-00C04F79EFBC}") = "LastArmy", "..\LastArmy\LastArmy.csproj", "{FA1AC72F-2CD0-4247-9078-B9BD8C9216CC}"
EndProject
Project("{FAE04EC0-301F-11D3-BF4B-00C04F79EFBC}") = "LastArmyTest", "LastArmyTest\LastArmyTest.csproj", "{9204F03E-47E1-4521-A7F4-A14A34A0B45D}"
EndProject
Global
	GlobalSection(SolutionConfigurationPlatforms) = preSolution
		Debug|Any CPU = Debug|Any CPU
		Release|Any CPU = Release|Any CPU
	EndGlobalSection
	GlobalSection(ProjectConfigurationPlatforms) = postSolution
		{FA1AC72F-2CD0-4247-9078-B9BD8C9216CC}.Debug|Any CPU.ActiveCfg = Debug|Any CPU
		{FA1AC72F-2CD0-4247-9078-B9BD8C9216CC}.Debug|Any CPU.Build.0 = Debug|Any CPU
		{FA1AC72F-2CD0-4247-9078-B9BD8C9216CC}.Release|Any CPU.ActiveCfg = Release|Any CPU
		{FA1AC72F-2CD0-4247-9078-B9BD8C9216CC}.Release|Any CPU.Build.0 = Release|Any CPU
		{9204F03E-47E1-4521-A7F4-A14A34A0B45D}.Debug|Any CPU.ActiveCfg = Debug|Any CPU
		{9204F03E-47E1-4521-A7F4-A14A34A0B45D}.Debug|Any CPU.Build.0 = Debug|Any CPU
		{9204F03E-47E1-4521-A7F4-A14A34A0B45D}.Release|Any CPU.ActiveCfg = Release|Any CPU
		{9204F03E-47E1-4521-A7F4-A14A34A0B45D}.Release|Any CPU.Build.0 = Release|Any CPU
	EndGlobalSection
	GlobalSection(SolutionProperties) = preSolution
		HideSolutionNode = FALSE
	EndGlobalSection
	GlobalSection(ExtensibilityGlobals) = postSolution
		SolutionGuid = {B7674DBF-78D1-40C8-AE4B-FDCC829C8B72}
	EndGlobalSection
EndGlobal
